
Microsoft Visual Studio Solution File, Format Version 12.00
# Visual Studio Version 17
VisualStudioVersion = 17.7.34031.279
MinimumVisualStudioVersion = 10.0.40219.1
Project("{8BC9CEB8-8B4A-11D0-8D11-00A0C91BC942}") = "P2", "P2.vcxproj", "{CEB4803D-D474-4532-B174-A6AEF7BA3EFF}"
EndProject
Global
	GlobalSection(SolutionConfigurationPlatforms) = preSolution
		Debug|x64 = Debug|x64
		Debug|x86 = Debug|x86
		Release|x64 = Release|x64
		Release|x86 = Release|x86
	EndGlobalSection
	GlobalSection(ProjectConfigurationPlatforms) = postSolution
		{CEB4803D-D474-4532-B174-A6AEF7BA3EFF}.Debug|x64.ActiveCfg = Debug|x64
		{CEB4803D-D474-4532-B174-A6AEF7BA3EFF}.Debug|x64.Build.0 = Debug|x64
		{CEB4803D-D474-4532-B174-A6AEF7BA3EFF}.Debug|x86.ActiveCfg = Debug|Win32
		{CEB4803D-D474-4532-B174-A6AEF7BA3EFF}.Debug|x86.Build.0 = Debug|Win32
		{CEB4803D-D474-4532-B174-A6AEF7BA3EFF}.Release|x64.ActiveCfg = Release|x64
		{CEB4803D-D474-4532-B174-A6AEF7BA3EFF}.Release|x64.Build.0 = Release|x64
		{CEB4803D-D474-4532-B174-A6AEF7BA3EFF}.Release|x86.ActiveCfg = Release|Win32
		{CEB4803D-D474-4532-B174-A6AEF7BA3EFF}.Release|x86.Build.0 = Release|Win32
	EndGlobalSection
	GlobalSection(SolutionProperties) = preSolution
		HideSolutionNode = FALSE
	EndGlobalSection
	GlobalSection(ExtensibilityGlobals) = postSolution
		SolutionGuid = {2AAD4923-2A21-4936-85AA-A4DD324B2629}
	EndGlobalSection
EndGlobal
