
Microsoft Visual Studio Solution File, Format Version 12.00
# Visual Studio Version 17
VisualStudioVersion = 17.7.34221.43
MinimumVisualStudioVersion = 10.0.40219.1
Project("{8BC9CEB8-8B4A-11D0-8D11-00A0C91BC942}") = "HW56(maritozzo)", "HW56(maritozzo).vcxproj", "{F1F33907-3666-4D80-8D1D-0D9D9E577B07}"
EndProject
Global
	GlobalSection(SolutionConfigurationPlatforms) = preSolution
		Debug|x64 = Debug|x64
		Debug|x86 = Debug|x86
		Release|x64 = Release|x64
		Release|x86 = Release|x86
	EndGlobalSection
	GlobalSection(ProjectConfigurationPlatforms) = postSolution
		{F1F33907-3666-4D80-8D1D-0D9D9E577B07}.Debug|x64.ActiveCfg = Debug|x64
		{F1F33907-3666-4D80-8D1D-0D9D9E577B07}.Debug|x64.Build.0 = Debug|x64
		{F1F33907-3666-4D80-8D1D-0D9D9E577B07}.Debug|x86.ActiveCfg = Debug|Win32
		{F1F33907-3666-4D80-8D1D-0D9D9E577B07}.Debug|x86.Build.0 = Debug|Win32
		{F1F33907-3666-4D80-8D1D-0D9D9E577B07}.Release|x64.ActiveCfg = Release|x64
		{F1F33907-3666-4D80-8D1D-0D9D9E577B07}.Release|x64.Build.0 = Release|x64
		{F1F33907-3666-4D80-8D1D-0D9D9E577B07}.Release|x86.ActiveCfg = Release|Win32
		{F1F33907-3666-4D80-8D1D-0D9D9E577B07}.Release|x86.Build.0 = Release|Win32
	EndGlobalSection
	GlobalSection(SolutionProperties) = preSolution
		HideSolutionNode = FALSE
	EndGlobalSection
	GlobalSection(ExtensibilityGlobals) = postSolution
		SolutionGuid = {DDFA0AF8-B55A-4C12-81F6-185132D3F468}
	EndGlobalSection
EndGlobal
