
Microsoft Visual Studio Solution File, Format Version 12.00
# Visual Studio Version 17
VisualStudioVersion = 17.7.34031.279
MinimumVisualStudioVersion = 10.0.40219.1
Project("{8BC9CEB8-8B4A-11D0-8D11-00A0C91BC942}") = "HW9(Perfect string)", "HW9(Perfect string).vcxproj", "{EEC15561-01EB-44AC-AC0D-6D13B8BF7B0B}"
EndProject
Global
	GlobalSection(SolutionConfigurationPlatforms) = preSolution
		Debug|x64 = Debug|x64
		Debug|x86 = Debug|x86
		Release|x64 = Release|x64
		Release|x86 = Release|x86
	EndGlobalSection
	GlobalSection(ProjectConfigurationPlatforms) = postSolution
		{EEC15561-01EB-44AC-AC0D-6D13B8BF7B0B}.Debug|x64.ActiveCfg = Debug|x64
		{EEC15561-01EB-44AC-AC0D-6D13B8BF7B0B}.Debug|x64.Build.0 = Debug|x64
		{EEC15561-01EB-44AC-AC0D-6D13B8BF7B0B}.Debug|x86.ActiveCfg = Debug|Win32
		{EEC15561-01EB-44AC-AC0D-6D13B8BF7B0B}.Debug|x86.Build.0 = Debug|Win32
		{EEC15561-01EB-44AC-AC0D-6D13B8BF7B0B}.Release|x64.ActiveCfg = Release|x64
		{EEC15561-01EB-44AC-AC0D-6D13B8BF7B0B}.Release|x64.Build.0 = Release|x64
		{EEC15561-01EB-44AC-AC0D-6D13B8BF7B0B}.Release|x86.ActiveCfg = Release|Win32
		{EEC15561-01EB-44AC-AC0D-6D13B8BF7B0B}.Release|x86.Build.0 = Release|Win32
	EndGlobalSection
	GlobalSection(SolutionProperties) = preSolution
		HideSolutionNode = FALSE
	EndGlobalSection
	GlobalSection(ExtensibilityGlobals) = postSolution
		SolutionGuid = {47645FB6-F674-4A18-94BA-3F7108839187}
	EndGlobalSection
EndGlobal
